
Microsoft Visual Studio Solution File, Format Version 12.00
# Visual Studio Version 17
VisualStudioVersion = 17.11.35312.102
MinimumVisualStudioVersion = 10.0.40219.1
Project("{FAE04EC0-301F-11D3-BF4B-00C04F79EFBC}") = "Mod4", "Mod4\Mod4.csproj", "{0097F109-CE26-4A65-A08C-3B73FA38B666}"
EndProject
Global
	GlobalSection(SolutionConfigurationPlatforms) = preSolution
		Debug|Any CPU = Debug|Any CPU
		Release|Any CPU = Release|Any CPU
	EndGlobalSection
	GlobalSection(ProjectConfigurationPlatforms) = postSolution
		{0097F109-CE26-4A65-A08C-3B73FA38B666}.Debug|Any CPU.ActiveCfg = Debug|Any CPU
		{0097F109-CE26-4A65-A08C-3B73FA38B666}.Debug|Any CPU.Build.0 = Debug|Any CPU
		{0097F109-CE26-4A65-A08C-3B73FA38B666}.Release|Any CPU.ActiveCfg = Release|Any CPU
		{0097F109-CE26-4A65-A08C-3B73FA38B666}.Release|Any CPU.Build.0 = Release|Any CPU
	EndGlobalSection
	GlobalSection(SolutionProperties) = preSolution
		HideSolutionNode = FALSE
	EndGlobalSection
	GlobalSection(ExtensibilityGlobals) = postSolution
		SolutionGuid = {C6CB8A92-5F63-490C-94FA-F3BEAB492EC3}
	EndGlobalSection
EndGlobal
